
Microsoft Visual Studio Solution File, Format Version 12.00
# Visual Studio Version 16
VisualStudioVersion = 16.0.31205.134
MinimumVisualStudioVersion = 10.0.40219.1
Project("{FAE04EC0-301F-11D3-BF4B-00C04F79EFBC}") = "TestingGitHub", "TestingGitHub\TestingGitHub.csproj", "{FA95E4DF-460A-4C72-8F80-718F4F8005BD}"
EndProject
Global
	GlobalSection(SolutionConfigurationPlatforms) = preSolution
		Debug|Any CPU = Debug|Any CPU
		Release|Any CPU = Release|Any CPU
	EndGlobalSection
	GlobalSection(ProjectConfigurationPlatforms) = postSolution
		{FA95E4DF-460A-4C72-8F80-718F4F8005BD}.Debug|Any CPU.ActiveCfg = Debug|Any CPU
		{FA95E4DF-460A-4C72-8F80-718F4F8005BD}.Debug|Any CPU.Build.0 = Debug|Any CPU
		{FA95E4DF-460A-4C72-8F80-718F4F8005BD}.Release|Any CPU.ActiveCfg = Release|Any CPU
		{FA95E4DF-460A-4C72-8F80-718F4F8005BD}.Release|Any CPU.Build.0 = Release|Any CPU
	EndGlobalSection
	GlobalSection(SolutionProperties) = preSolution
		HideSolutionNode = FALSE
	EndGlobalSection
	GlobalSection(ExtensibilityGlobals) = postSolution
		SolutionGuid = {937F85CC-DDE7-4C80-922D-4A5169BDB27A}
	EndGlobalSection
EndGlobal
